// !$*UTF8*$!
{
	archiveVersion = 1;
	classes = {
	};
	objectVersion = 56;
	objects = {

/* Begin PBXBuildFile section */
		4BDDDDFF2B3AFDFE0005CA21 /* FirebaseBootcampApp.swift in Sources */ = {isa = PBXBuildFile; fileRef = 4BDDDDFE2B3AFDFE0005CA21 /* FirebaseBootcampApp.swift */; };
		4BDDDE012B3AFDFE0005CA21 /* ContentView.swift in Sources */ = {isa = PBXBuildFile; fileRef = 4BDDDE002B3AFDFE0005CA21 /* ContentView.swift */; };
		4BDDDE032B3AFDFF0005CA21 /* Assets.xcassets in Resources */ = {isa = PBXBuildFile; fileRef = 4BDDDE022B3AFDFF0005CA21 /* Assets.xcassets */; };
		4BDDDE062B3AFDFF0005CA21 /* Preview Assets.xcassets in Resources */ = {isa = PBXBuildFile; fileRef = 4BDDDE052B3AFDFF0005CA21 /* Preview Assets.xcassets */; };
		4BDDDE0D2B3B039B0005CA21 /* GoogleService-Info.plist in Resources */ = {isa = PBXBuildFile; fileRef = 4BDDDE0C2B3B039B0005CA21 /* GoogleService-Info.plist */; };
		4BDDDE102B3B05D10005CA21 /* FirebaseAnalytics in Frameworks */ = {isa = PBXBuildFile; productRef = 4BDDDE0F2B3B05D10005CA21 /* FirebaseAnalytics */; };
		4BDDDE122B3B05D10005CA21 /* FirebaseAnalyticsOnDeviceConversion in Frameworks */ = {isa = PBXBuildFile; productRef = 4BDDDE112B3B05D10005CA21 /* FirebaseAnalyticsOnDeviceConversion */; };
		4BDDDE142B3B05D10005CA21 /* FirebaseAnalyticsSwift in Frameworks */ = {isa = PBXBuildFile; productRef = 4BDDDE132B3B05D10005CA21 /* FirebaseAnalyticsSwift */; };
		4BDDDE162B3B05D10005CA21 /* FirebaseAnalyticsWithoutAdIdSupport in Frameworks */ = {isa = PBXBuildFile; productRef = 4BDDDE152B3B05D10005CA21 /* FirebaseAnalyticsWithoutAdIdSupport */; };
		4BDDDE182B3B05D10005CA21 /* FirebaseAppCheck in Frameworks */ = {isa = PBXBuildFile; productRef = 4BDDDE172B3B05D10005CA21 /* FirebaseAppCheck */; };
		4BDDDE1A2B3B05D10005CA21 /* FirebaseAppDistribution-Beta in Frameworks */ = {isa = PBXBuildFile; productRef = 4BDDDE192B3B05D10005CA21 /* FirebaseAppDistribution-Beta */; };
		4BDDDE1C2B3B05D10005CA21 /* FirebaseAuth in Frameworks */ = {isa = PBXBuildFile; productRef = 4BDDDE1B2B3B05D10005CA21 /* FirebaseAuth */; };
		4BDDDE1E2B3B05D10005CA21 /* FirebaseAuthCombine-Community in Frameworks */ = {isa = PBXBuildFile; productRef = 4BDDDE1D2B3B05D10005CA21 /* FirebaseAuthCombine-Community */; };
		4BDDDE202B3B05D10005CA21 /* FirebaseCrashlytics in Frameworks */ = {isa = PBXBuildFile; productRef = 4BDDDE1F2B3B05D10005CA21 /* FirebaseCrashlytics */; };
		4BDDDE222B3B05D10005CA21 /* FirebaseDatabase in Frameworks */ = {isa = PBXBuildFile; productRef = 4BDDDE212B3B05D10005CA21 /* FirebaseDatabase */; };
		4BDDDE242B3B05D10005CA21 /* FirebaseDatabaseSwift in Frameworks */ = {isa = PBXBuildFile; productRef = 4BDDDE232B3B05D10005CA21 /* FirebaseDatabaseSwift */; };
		4BDDDE262B3B05D10005CA21 /* FirebaseDynamicLinks in Frameworks */ = {isa = PBXBuildFile; productRef = 4BDDDE252B3B05D10005CA21 /* FirebaseDynamicLinks */; };
		4BDDDE282B3B05D10005CA21 /* FirebaseFirestore in Frameworks */ = {isa = PBXBuildFile; productRef = 4BDDDE272B3B05D10005CA21 /* FirebaseFirestore */; };
		4BDDDE2A2B3B05D10005CA21 /* FirebaseFirestoreCombine-Community in Frameworks */ = {isa = PBXBuildFile; productRef = 4BDDDE292B3B05D10005CA21 /* FirebaseFirestoreCombine-Community */; };
		4BDDDE2C2B3B05D10005CA21 /* FirebaseFirestoreSwift in Frameworks */ = {isa = PBXBuildFile; productRef = 4BDDDE2B2B3B05D10005CA21 /* FirebaseFirestoreSwift */; };
		4BDDDE2E2B3B05D10005CA21 /* FirebaseFunctions in Frameworks */ = {isa = PBXBuildFile; productRef = 4BDDDE2D2B3B05D10005CA21 /* FirebaseFunctions */; };
		4BDDDE302B3B05D10005CA21 /* FirebaseFunctionsCombine-Community in Frameworks */ = {isa = PBXBuildFile; productRef = 4BDDDE2F2B3B05D10005CA21 /* FirebaseFunctionsCombine-Community */; };
		4BDDDE322B3B05D10005CA21 /* FirebaseInAppMessaging-Beta in Frameworks */ = {isa = PBXBuildFile; productRef = 4BDDDE312B3B05D10005CA21 /* FirebaseInAppMessaging-Beta */; };
		4BDDDE342B3B05D10005CA21 /* FirebaseInAppMessagingSwift-Beta in Frameworks */ = {isa = PBXBuildFile; productRef = 4BDDDE332B3B05D10005CA21 /* FirebaseInAppMessagingSwift-Beta */; };
		4BDDDE362B3B05D10005CA21 /* FirebaseInstallations in Frameworks */ = {isa = PBXBuildFile; productRef = 4BDDDE352B3B05D10005CA21 /* FirebaseInstallations */; };
		4BDDDE382B3B05D10005CA21 /* FirebaseMLModelDownloader in Frameworks */ = {isa = PBXBuildFile; productRef = 4BDDDE372B3B05D10005CA21 /* FirebaseMLModelDownloader */; };
		4BDDDE3A2B3B05D10005CA21 /* FirebaseMessaging in Frameworks */ = {isa = PBXBuildFile; productRef = 4BDDDE392B3B05D10005CA21 /* FirebaseMessaging */; };
		4BDDDE3C2B3B05D10005CA21 /* FirebasePerformance in Frameworks */ = {isa = PBXBuildFile; productRef = 4BDDDE3B2B3B05D10005CA21 /* FirebasePerformance */; };
		4BDDDE3E2B3B05D10005CA21 /* FirebaseRemoteConfig in Frameworks */ = {isa = PBXBuildFile; productRef = 4BDDDE3D2B3B05D10005CA21 /* FirebaseRemoteConfig */; };
		4BDDDE402B3B05D10005CA21 /* FirebaseRemoteConfigSwift in Frameworks */ = {isa = PBXBuildFile; productRef = 4BDDDE3F2B3B05D10005CA21 /* FirebaseRemoteConfigSwift */; };
		4BDDDE422B3B05D10005CA21 /* FirebaseStorage in Frameworks */ = {isa = PBXBuildFile; productRef = 4BDDDE412B3B05D10005CA21 /* FirebaseStorage */; };
		4BDDDE442B3B05D10005CA21 /* FirebaseStorageCombine-Community in Frameworks */ = {isa = PBXBuildFile; productRef = 4BDDDE432B3B05D10005CA21 /* FirebaseStorageCombine-Community */; };
/* End PBXBuildFile section */

/* Begin PBXFileReference section */
		4BDDDDFB2B3AFDFE0005CA21 /* FirebaseBootcamp.app */ = {isa = PBXFileReference; explicitFileType = wrapper.application; includeInIndex = 0; path = FirebaseBootcamp.app; sourceTree = BUILT_PRODUCTS_DIR; };
		4BDDDDFE2B3AFDFE0005CA21 /* FirebaseBootcampApp.swift */ = {isa = PBXFileReference; lastKnownFileType = sourcecode.swift; path = FirebaseBootcampApp.swift; sourceTree = "<group>"; };
		4BDDDE002B3AFDFE0005CA21 /* ContentView.swift */ = {isa = PBXFileReference; lastKnownFileType = sourcecode.swift; path = ContentView.swift; sourceTree = "<group>"; };
		4BDDDE022B3AFDFF0005CA21 /* Assets.xcassets */ = {isa = PBXFileReference; lastKnownFileType = folder.assetcatalog; path = Assets.xcassets; sourceTree = "<group>"; };
		4BDDDE052B3AFDFF0005CA21 /* Preview Assets.xcassets */ = {isa = PBXFileReference; lastKnownFileType = folder.assetcatalog; path = "Preview Assets.xcassets"; sourceTree = "<group>"; };
		4BDDDE0C2B3B039B0005CA21 /* GoogleService-Info.plist */ = {isa = PBXFileReference; fileEncoding = 4; lastKnownFileType = text.plist.xml; path = "GoogleService-Info.plist"; sourceTree = "<group>"; };
/* End PBXFileReference section */

/* Begin PBXFrameworksBuildPhase section */
		4BDDDDF82B3AFDFE0005CA21 /* Frameworks */ = {
			isa = PBXFrameworksBuildPhase;
			buildActionMask = 2147483647;
			files = (
				4BDDDE222B3B05D10005CA21 /* FirebaseDatabase in Frameworks */,
				4BDDDE302B3B05D10005CA21 /* FirebaseFunctionsCombine-Community in Frameworks */,
				4BDDDE282B3B05D10005CA21 /* FirebaseFirestore in Frameworks */,
				4BDDDE142B3B05D10005CA21 /* FirebaseAnalyticsSwift in Frameworks */,
				4BDDDE102B3B05D10005CA21 /* FirebaseAnalytics in Frameworks */,
				4BDDDE122B3B05D10005CA21 /* FirebaseAnalyticsOnDeviceConversion in Frameworks */,
				4BDDDE382B3B05D10005CA21 /* FirebaseMLModelDownloader in Frameworks */,
				4BDDDE2C2B3B05D10005CA21 /* FirebaseFirestoreSwift in Frameworks */,
				4BDDDE182B3B05D10005CA21 /* FirebaseAppCheck in Frameworks */,
				4BDDDE162B3B05D10005CA21 /* FirebaseAnalyticsWithoutAdIdSupport in Frameworks */,
				4BDDDE1C2B3B05D10005CA21 /* FirebaseAuth in Frameworks */,
				4BDDDE202B3B05D10005CA21 /* FirebaseCrashlytics in Frameworks */,
				4BDDDE402B3B05D10005CA21 /* FirebaseRemoteConfigSwift in Frameworks */,
				4BDDDE322B3B05D10005CA21 /* FirebaseInAppMessaging-Beta in Frameworks */,
				4BDDDE242B3B05D10005CA21 /* FirebaseDatabaseSwift in Frameworks */,
				4BDDDE2E2B3B05D10005CA21 /* FirebaseFunctions in Frameworks */,
				4BDDDE442B3B05D10005CA21 /* FirebaseStorageCombine-Community in Frameworks */,
				4BDDDE3E2B3B05D10005CA21 /* FirebaseRemoteConfig in Frameworks */,
				4BDDDE1A2B3B05D10005CA21 /* FirebaseAppDistribution-Beta in Frameworks */,
				4BDDDE1E2B3B05D10005CA21 /* FirebaseAuthCombine-Community in Frameworks */,
				4BDDDE3C2B3B05D10005CA21 /* FirebasePerformance in Frameworks */,
				4BDDDE342B3B05D10005CA21 /* FirebaseInAppMessagingSwift-Beta in Frameworks */,
				4BDDDE422B3B05D10005CA21 /* FirebaseStorage in Frameworks */,
				4BDDDE262B3B05D10005CA21 /* FirebaseDynamicLinks in Frameworks */,
				4BDDDE2A2B3B05D10005CA21 /* FirebaseFirestoreCombine-Community in Frameworks */,
				4BDDDE3A2B3B05D10005CA21 /* FirebaseMessaging in Frameworks */,
				4BDDDE362B3B05D10005CA21 /* FirebaseInstallations in Frameworks */,
			);
			runOnlyForDeploymentPostprocessing = 0;
		};
/* End PBXFrameworksBuildPhase section */

/* Begin PBXGroup section */
		4BDDDDF22B3AFDFE0005CA21 = {
			isa = PBXGroup;
			children = (
				4BDDDDFD2B3AFDFE0005CA21 /* FirebaseBootcamp */,
				4BDDDDFC2B3AFDFE0005CA21 /* Products */,
			);
			sourceTree = "<group>";
		};
		4BDDDDFC2B3AFDFE0005CA21 /* Products */ = {
			isa = PBXGroup;
			children = (
				4BDDDDFB2B3AFDFE0005CA21 /* FirebaseBootcamp.app */,
			);
			name = Products;
			sourceTree = "<group>";
		};
		4BDDDDFD2B3AFDFE0005CA21 /* FirebaseBootcamp */ = {
			isa = PBXGroup;
			children = (
				4BDDDE0C2B3B039B0005CA21 /* GoogleService-Info.plist */,
				4BDDDDFE2B3AFDFE0005CA21 /* FirebaseBootcampApp.swift */,
				4BDDDE002B3AFDFE0005CA21 /* ContentView.swift */,
				4BDDDE022B3AFDFF0005CA21 /* Assets.xcassets */,
				4BDDDE042B3AFDFF0005CA21 /* Preview Content */,
			);
			path = FirebaseBootcamp;
			sourceTree = "<group>";
		};
		4BDDDE042B3AFDFF0005CA21 /* Preview Content */ = {
			isa = PBXGroup;
			children = (
				4BDDDE052B3AFDFF0005CA21 /* Preview Assets.xcassets */,
			);
			path = "Preview Content";
			sourceTree = "<group>";
		};
/* End PBXGroup section */

/* Begin PBXNativeTarget section */
		4BDDDDFA2B3AFDFE0005CA21 /* FirebaseBootcamp */ = {
			isa = PBXNativeTarget;
			buildConfigurationList = 4BDDDE092B3AFDFF0005CA21 /* Build configuration list for PBXNativeTarget "FirebaseBootcamp" */;
			buildPhases = (
				4BDDDDF72B3AFDFE0005CA21 /* Sources */,
				4BDDDDF82B3AFDFE0005CA21 /* Frameworks */,
				4BDDDDF92B3AFDFE0005CA21 /* Resources */,
			);
			buildRules = (
			);
			dependencies = (
			);
			name = FirebaseBootcamp;
			packageProductDependencies = (
				4BDDDE0F2B3B05D10005CA21 /* FirebaseAnalytics */,
				4BDDDE112B3B05D10005CA21 /* FirebaseAnalyticsOnDeviceConversion */,
				4BDDDE132B3B05D10005CA21 /* FirebaseAnalyticsSwift */,
				4BDDDE152B3B05D10005CA21 /* FirebaseAnalyticsWithoutAdIdSupport */,
				4BDDDE172B3B05D10005CA21 /* FirebaseAppCheck */,
				4BDDDE192B3B05D10005CA21 /* FirebaseAppDistribution-Beta */,
				4BDDDE1B2B3B05D10005CA21 /* FirebaseAuth */,
				4BDDDE1D2B3B05D10005CA21 /* FirebaseAuthCombine-Community */,
				4BDDDE1F2B3B05D10005CA21 /* FirebaseCrashlytics */,
				4BDDDE212B3B05D10005CA21 /* FirebaseDatabase */,
				4BDDDE232B3B05D10005CA21 /* FirebaseDatabaseSwift */,
				4BDDDE252B3B05D10005CA21 /* FirebaseDynamicLinks */,
				4BDDDE272B3B05D10005CA21 /* FirebaseFirestore */,
				4BDDDE292B3B05D10005CA21 /* FirebaseFirestoreCombine-Community */,
				4BDDDE2B2B3B05D10005CA21 /* FirebaseFirestoreSwift */,
				4BDDDE2D2B3B05D10005CA21 /* FirebaseFunctions */,
				4BDDDE2F2B3B05D10005CA21 /* FirebaseFunctionsCombine-Community */,
				4BDDDE312B3B05D10005CA21 /* FirebaseInAppMessaging-Beta */,
				4BDDDE332B3B05D10005CA21 /* FirebaseInAppMessagingSwift-Beta */,
				4BDDDE352B3B05D10005CA21 /* FirebaseInstallations */,
				4BDDDE372B3B05D10005CA21 /* FirebaseMLModelDownloader */,
				4BDDDE392B3B05D10005CA21 /* FirebaseMessaging */,
				4BDDDE3B2B3B05D10005CA21 /* FirebasePerformance */,
				4BDDDE3D2B3B05D10005CA21 /* FirebaseRemoteConfig */,
				4BDDDE3F2B3B05D10005CA21 /* FirebaseRemoteConfigSwift */,
				4BDDDE412B3B05D10005CA21 /* FirebaseStorage */,
				4BDDDE432B3B05D10005CA21 /* FirebaseStorageCombine-Community */,
			);
			productName = FirebaseBootcamp;
			productReference = 4BDDDDFB2B3AFDFE0005CA21 /* FirebaseBootcamp.app */;
			productType = "com.apple.product-type.application";
		};
/* End PBXNativeTarget section */

/* Begin PBXProject section */
		4BDDDDF32B3AFDFE0005CA21 /* Project object */ = {
			isa = PBXProject;
			attributes = {
				BuildIndependentTargetsInParallel = 1;
				LastSwiftUpdateCheck = 1510;
				LastUpgradeCheck = 1510;
				TargetAttributes = {
					4BDDDDFA2B3AFDFE0005CA21 = {
						CreatedOnToolsVersion = 15.1;
					};
				};
			};
			buildConfigurationList = 4BDDDDF62B3AFDFE0005CA21 /* Build configuration list for PBXProject "FirebaseBootcamp" */;
			compatibilityVersion = "Xcode 14.0";
			developmentRegion = en;
			hasScannedForEncodings = 0;
			knownRegions = (
				en,
				Base,
			);
			mainGroup = 4BDDDDF22B3AFDFE0005CA21;
			packageReferences = (
				4BDDDE0E2B3B05D10005CA21 /* XCRemoteSwiftPackageReference "firebase-ios-sdk" */,
			);
			productRefGroup = 4BDDDDFC2B3AFDFE0005CA21 /* Products */;
			projectDirPath = "";
			projectRoot = "";
			targets = (
				4BDDDDFA2B3AFDFE0005CA21 /* FirebaseBootcamp */,
			);
		};
/* End PBXProject section */

/* Begin PBXResourcesBuildPhase section */
		4BDDDDF92B3AFDFE0005CA21 /* Resources */ = {
			isa = PBXResourcesBuildPhase;
			buildActionMask = 2147483647;
			files = (
				4BDDDE062B3AFDFF0005CA21 /* Preview Assets.xcassets in Resources */,
				4BDDDE032B3AFDFF0005CA21 /* Assets.xcassets in Resources */,
				4BDDDE0D2B3B039B0005CA21 /* GoogleService-Info.plist in Resources */,
			);
			runOnlyForDeploymentPostprocessing = 0;
		};
/* End PBXResourcesBuildPhase section */

/* Begin PBXSourcesBuildPhase section */
		4BDDDDF72B3AFDFE0005CA21 /* Sources */ = {
			isa = PBXSourcesBuildPhase;
			buildActionMask = 2147483647;
			files = (
				4BDDDE012B3AFDFE0005CA21 /* ContentView.swift in Sources */,
				4BDDDDFF2B3AFDFE0005CA21 /* FirebaseBootcampApp.swift in Sources */,
			);
			runOnlyForDeploymentPostprocessing = 0;
		};
/* End PBXSourcesBuildPhase section */

/* Begin XCBuildConfiguration section */
		4BDDDE072B3AFDFF0005CA21 /* Debug */ = {
			isa = XCBuildConfiguration;
			buildSettings = {
				ALWAYS_SEARCH_USER_PATHS = NO;
				ASSETCATALOG_COMPILER_GENERATE_SWIFT_ASSET_SYMBOL_EXTENSIONS = YES;
				CLANG_ANALYZER_NONNULL = YES;
				CLANG_ANALYZER_NUMBER_OBJECT_CONVERSION = YES_AGGRESSIVE;
				CLANG_CXX_LANGUAGE_STANDARD = "gnu++20";
				CLANG_ENABLE_MODULES = YES;
				CLANG_ENABLE_OBJC_ARC = YES;
				CLANG_ENABLE_OBJC_WEAK = YES;
				CLANG_WARN_BLOCK_CAPTURE_AUTORELEASING = YES;
				CLANG_WARN_BOOL_CONVERSION = YES;
				CLANG_WARN_COMMA = YES;
				CLANG_WARN_CONSTANT_CONVERSION = YES;
				CLANG_WARN_DEPRECATED_OBJC_IMPLEMENTATIONS = YES;
				CLANG_WARN_DIRECT_OBJC_ISA_USAGE = YES_ERROR;
				CLANG_WARN_DOCUMENTATION_COMMENTS = YES;
				CLANG_WARN_EMPTY_BODY = YES;
				CLANG_WARN_ENUM_CONVERSION = YES;
				CLANG_WARN_INFINITE_RECURSION = YES;
				CLANG_WARN_INT_CONVERSION = YES;
				CLANG_WARN_NON_LITERAL_NULL_CONVERSION = YES;
				CLANG_WARN_OBJC_IMPLICIT_RETAIN_SELF = YES;
				CLANG_WARN_OBJC_LITERAL_CONVERSION = YES;
				CLANG_WARN_OBJC_ROOT_CLASS = YES_ERROR;
				CLANG_WARN_QUOTED_INCLUDE_IN_FRAMEWORK_HEADER = YES;
				CLANG_WARN_RANGE_LOOP_ANALYSIS = YES;
				CLANG_WARN_STRICT_PROTOTYPES = YES;
				CLANG_WARN_SUSPICIOUS_MOVE = YES;
				CLANG_WARN_UNGUARDED_AVAILABILITY = YES_AGGRESSIVE;
				CLANG_WARN_UNREACHABLE_CODE = YES;
				CLANG_WARN__DUPLICATE_METHOD_MATCH = YES;
				COPY_PHASE_STRIP = NO;
				DEBUG_INFORMATION_FORMAT = dwarf;
				ENABLE_STRICT_OBJC_MSGSEND = YES;
				ENABLE_TESTABILITY = YES;
				ENABLE_USER_SCRIPT_SANDBOXING = YES;
				GCC_C_LANGUAGE_STANDARD = gnu17;
				GCC_DYNAMIC_NO_PIC = NO;
				GCC_NO_COMMON_BLOCKS = YES;
				GCC_OPTIMIZATION_LEVEL = 0;
				GCC_PREPROCESSOR_DEFINITIONS = (
					"DEBUG=1",
					"$(inherited)",
				);
				GCC_WARN_64_TO_32_BIT_CONVERSION = YES;
				GCC_WARN_ABOUT_RETURN_TYPE = YES_ERROR;
				GCC_WARN_UNDECLARED_SELECTOR = YES;
				GCC_WARN_UNINITIALIZED_AUTOS = YES_AGGRESSIVE;
				GCC_WARN_UNUSED_FUNCTION = YES;
				GCC_WARN_UNUSED_VARIABLE = YES;
				IPHONEOS_DEPLOYMENT_TARGET = 17.2;
				LOCALIZATION_PREFERS_STRING_CATALOGS = YES;
				MTL_ENABLE_DEBUG_INFO = INCLUDE_SOURCE;
				MTL_FAST_MATH = YES;
				ONLY_ACTIVE_ARCH = YES;
				SDKROOT = iphoneos;
				SWIFT_ACTIVE_COMPILATION_CONDITIONS = "DEBUG $(inherited)";
				SWIFT_OPTIMIZATION_LEVEL = "-Onone";
			};
			name = Debug;
		};
		4BDDDE082B3AFDFF0005CA21 /* Release */ = {
			isa = XCBuildConfiguration;
			buildSettings = {
				ALWAYS_SEARCH_USER_PATHS = NO;
				ASSETCATALOG_COMPILER_GENERATE_SWIFT_ASSET_SYMBOL_EXTENSIONS = YES;
				CLANG_ANALYZER_NONNULL = YES;
				CLANG_ANALYZER_NUMBER_OBJECT_CONVERSION = YES_AGGRESSIVE;
				CLANG_CXX_LANGUAGE_STANDARD = "gnu++20";
				CLANG_ENABLE_MODULES = YES;
				CLANG_ENABLE_OBJC_ARC = YES;
				CLANG_ENABLE_OBJC_WEAK = YES;
				CLANG_WARN_BLOCK_CAPTURE_AUTORELEASING = YES;
				CLANG_WARN_BOOL_CONVERSION = YES;
				CLANG_WARN_COMMA = YES;
				CLANG_WARN_CONSTANT_CONVERSION = YES;
				CLANG_WARN_DEPRECATED_OBJC_IMPLEMENTATIONS = YES;
				CLANG_WARN_DIRECT_OBJC_ISA_USAGE = YES_ERROR;
				CLANG_WARN_DOCUMENTATION_COMMENTS = YES;
				CLANG_WARN_EMPTY_BODY = YES;
				CLANG_WARN_ENUM_CONVERSION = YES;
				CLANG_WARN_INFINITE_RECURSION = YES;
				CLANG_WARN_INT_CONVERSION = YES;
				CLANG_WARN_NON_LITERAL_NULL_CONVERSION = YES;
				CLANG_WARN_OBJC_IMPLICIT_RETAIN_SELF = YES;
				CLANG_WARN_OBJC_LITERAL_CONVERSION = YES;
				CLANG_WARN_OBJC_ROOT_CLASS = YES_ERROR;
				CLANG_WARN_QUOTED_INCLUDE_IN_FRAMEWORK_HEADER = YES;
				CLANG_WARN_RANGE_LOOP_ANALYSIS = YES;
				CLANG_WARN_STRICT_PROTOTYPES = YES;
				CLANG_WARN_SUSPICIOUS_MOVE = YES;
				CLANG_WARN_UNGUARDED_AVAILABILITY = YES_AGGRESSIVE;
				CLANG_WARN_UNREACHABLE_CODE = YES;
				CLANG_WARN__DUPLICATE_METHOD_MATCH = YES;
				COPY_PHASE_STRIP = NO;
				DEBUG_INFORMATION_FORMAT = "dwarf-with-dsym";
				ENABLE_NS_ASSERTIONS = NO;
				ENABLE_STRICT_OBJC_MSGSEND = YES;
				ENABLE_USER_SCRIPT_SANDBOXING = YES;
				GCC_C_LANGUAGE_STANDARD = gnu17;
				GCC_NO_COMMON_BLOCKS = YES;
				GCC_WARN_64_TO_32_BIT_CONVERSION = YES;
				GCC_WARN_ABOUT_RETURN_TYPE = YES_ERROR;
				GCC_WARN_UNDECLARED_SELECTOR = YES;
				GCC_WARN_UNINITIALIZED_AUTOS = YES_AGGRESSIVE;
				GCC_WARN_UNUSED_FUNCTION = YES;
				GCC_WARN_UNUSED_VARIABLE = YES;
				IPHONEOS_DEPLOYMENT_TARGET = 17.2;
				LOCALIZATION_PREFERS_STRING_CATALOGS = YES;
				MTL_ENABLE_DEBUG_INFO = NO;
				MTL_FAST_MATH = YES;
				SDKROOT = iphoneos;
				SWIFT_COMPILATION_MODE = wholemodule;
				VALIDATE_PRODUCT = YES;
			};
			name = Release;
		};
		4BDDDE0A2B3AFDFF0005CA21 /* Debug */ = {
			isa = XCBuildConfiguration;
			buildSettings = {
				ASSETCATALOG_COMPILER_APPICON_NAME = AppIcon;
				ASSETCATALOG_COMPILER_GLOBAL_ACCENT_COLOR_NAME = AccentColor;
				CODE_SIGN_STYLE = Automatic;
				CURRENT_PROJECT_VERSION = 1;
				DEVELOPMENT_ASSET_PATHS = "\"FirebaseBootcamp/Preview Content\"";
				DEVELOPMENT_TEAM = B4R97N34U3;
				ENABLE_PREVIEWS = YES;
				GENERATE_INFOPLIST_FILE = YES;
				INFOPLIST_KEY_UIApplicationSceneManifest_Generation = YES;
				INFOPLIST_KEY_UIApplicationSupportsIndirectInputEvents = YES;
				INFOPLIST_KEY_UILaunchScreen_Generation = YES;
				INFOPLIST_KEY_UISupportedInterfaceOrientations_iPad = "UIInterfaceOrientationPortrait UIInterfaceOrientationPortraitUpsideDown UIInterfaceOrientationLandscapeLeft UIInterfaceOrientationLandscapeRight";
				INFOPLIST_KEY_UISupportedInterfaceOrientations_iPhone = "UIInterfaceOrientationPortrait UIInterfaceOrientationLandscapeLeft UIInterfaceOrientationLandscapeRight";
				LD_RUNPATH_SEARCH_PATHS = (
					"$(inherited)",
					"@executable_path/Frameworks",
				);
				MARKETING_VERSION = 1.0;
				PRODUCT_BUNDLE_IDENTIFIER = XA1.FirebaseBootcamp;
				PRODUCT_NAME = "$(TARGET_NAME)";
				SWIFT_EMIT_LOC_STRINGS = YES;
				SWIFT_VERSION = 5.0;
				TARGETED_DEVICE_FAMILY = "1,2";
			};
			name = Debug;
		};
		4BDDDE0B2B3AFDFF0005CA21 /* Release */ = {
			isa = XCBuildConfiguration;
			buildSettings = {
				ASSETCATALOG_COMPILER_APPICON_NAME = AppIcon;
				ASSETCATALOG_COMPILER_GLOBAL_ACCENT_COLOR_NAME = AccentColor;
				CODE_SIGN_STYLE = Automatic;
				CURRENT_PROJECT_VERSION = 1;
				DEVELOPMENT_ASSET_PATHS = "\"FirebaseBootcamp/Preview Content\"";
				DEVELOPMENT_TEAM = B4R97N34U3;
				ENABLE_PREVIEWS = YES;
				GENERATE_INFOPLIST_FILE = YES;
				INFOPLIST_KEY_UIApplicationSceneManifest_Generation = YES;
				INFOPLIST_KEY_UIApplicationSupportsIndirectInputEvents = YES;
				INFOPLIST_KEY_UILaunchScreen_Generation = YES;
				INFOPLIST_KEY_UISupportedInterfaceOrientations_iPad = "UIInterfaceOrientationPortrait UIInterfaceOrientationPortraitUpsideDown UIInterfaceOrientationLandscapeLeft UIInterfaceOrientationLandscapeRight";
				INFOPLIST_KEY_UISupportedInterfaceOrientations_iPhone = "UIInterfaceOrientationPortrait UIInterfaceOrientationLandscapeLeft UIInterfaceOrientationLandscapeRight";
				LD_RUNPATH_SEARCH_PATHS = (
					"$(inherited)",
					"@executable_path/Frameworks",
				);
				MARKETING_VERSION = 1.0;
				PRODUCT_BUNDLE_IDENTIFIER = XA1.FirebaseBootcamp;
				PRODUCT_NAME = "$(TARGET_NAME)";
				SWIFT_EMIT_LOC_STRINGS = YES;
				SWIFT_VERSION = 5.0;
				TARGETED_DEVICE_FAMILY = "1,2";
			};
			name = Release;
		};
/* End XCBuildConfiguration section */

/* Begin XCConfigurationList section */
		4BDDDDF62B3AFDFE0005CA21 /* Build configuration list for PBXProject "FirebaseBootcamp" */ = {
			isa = XCConfigurationList;
			buildConfigurations = (
				4BDDDE072B3AFDFF0005CA21 /* Debug */,
				4BDDDE082B3AFDFF0005CA21 /* Release */,
			);
			defaultConfigurationIsVisible = 0;
			defaultConfigurationName = Release;
		};
		4BDDDE092B3AFDFF0005CA21 /* Build configuration list for PBXNativeTarget "FirebaseBootcamp" */ = {
			isa = XCConfigurationList;
			buildConfigurations = (
				4BDDDE0A2B3AFDFF0005CA21 /* Debug */,
				4BDDDE0B2B3AFDFF0005CA21 /* Release */,
			);
			defaultConfigurationIsVisible = 0;
			defaultConfigurationName = Release;
		};
/* End XCConfigurationList section */

/* Begin XCRemoteSwiftPackageReference section */
		4BDDDE0E2B3B05D10005CA21 /* XCRemoteSwiftPackageReference "firebase-ios-sdk" */ = {
			isa = XCRemoteSwiftPackageReference;
			repositoryURL = "https://github.com/firebase/firebase-ios-sdk";
			requirement = {
				kind = upToNextMajorVersion;
				minimumVersion = 10.19.1;
			};
		};
/* End XCRemoteSwiftPackageReference section */

/* Begin XCSwiftPackageProductDependency section */
		4BDDDE0F2B3B05D10005CA21 /* FirebaseAnalytics */ = {
			isa = XCSwiftPackageProductDependency;
			package = 4BDDDE0E2B3B05D10005CA21 /* XCRemoteSwiftPackageReference "firebase-ios-sdk" */;
			productName = FirebaseAnalytics;
		};
		4BDDDE112B3B05D10005CA21 /* FirebaseAnalyticsOnDeviceConversion */ = {
			isa = XCSwiftPackageProductDependency;
			package = 4BDDDE0E2B3B05D10005CA21 /* XCRemoteSwiftPackageReference "firebase-ios-sdk" */;
			productName = FirebaseAnalyticsOnDeviceConversion;
		};
		4BDDDE132B3B05D10005CA21 /* FirebaseAnalyticsSwift */ = {
			isa = XCSwiftPackageProductDependency;
			package = 4BDDDE0E2B3B05D10005CA21 /* XCRemoteSwiftPackageReference "firebase-ios-sdk" */;
			productName = FirebaseAnalyticsSwift;
		};
		4BDDDE152B3B05D10005CA21 /* FirebaseAnalyticsWithoutAdIdSupport */ = {
			isa = XCSwiftPackageProductDependency;
			package = 4BDDDE0E2B3B05D10005CA21 /* XCRemoteSwiftPackageReference "firebase-ios-sdk" */;
			productName = FirebaseAnalyticsWithoutAdIdSupport;
		};
		4BDDDE172B3B05D10005CA21 /* FirebaseAppCheck */ = {
			isa = XCSwiftPackageProductDependency;
			package = 4BDDDE0E2B3B05D10005CA21 /* XCRemoteSwiftPackageReference "firebase-ios-sdk" */;
			productName = FirebaseAppCheck;
		};
		4BDDDE192B3B05D10005CA21 /* FirebaseAppDistribution-Beta */ = {
			isa = XCSwiftPackageProductDependency;
			package = 4BDDDE0E2B3B05D10005CA21 /* XCRemoteSwiftPackageReference "firebase-ios-sdk" */;
			productName = "FirebaseAppDistribution-Beta";
		};
		4BDDDE1B2B3B05D10005CA21 /* FirebaseAuth */ = {
			isa = XCSwiftPackageProductDependency;
			package = 4BDDDE0E2B3B05D10005CA21 /* XCRemoteSwiftPackageReference "firebase-ios-sdk" */;
			productName = FirebaseAuth;
		};
		4BDDDE1D2B3B05D10005CA21 /* FirebaseAuthCombine-Community */ = {
			isa = XCSwiftPackageProductDependency;
			package = 4BDDDE0E2B3B05D10005CA21 /* XCRemoteSwiftPackageReference "firebase-ios-sdk" */;
			productName = "FirebaseAuthCombine-Community";
		};
		4BDDDE1F2B3B05D10005CA21 /* FirebaseCrashlytics */ = {
			isa = XCSwiftPackageProductDependency;
			package = 4BDDDE0E2B3B05D10005CA21 /* XCRemoteSwiftPackageReference "firebase-ios-sdk" */;
			productName = FirebaseCrashlytics;
		};
		4BDDDE212B3B05D10005CA21 /* FirebaseDatabase */ = {
			isa = XCSwiftPackageProductDependency;
			package = 4BDDDE0E2B3B05D10005CA21 /* XCRemoteSwiftPackageReference "firebase-ios-sdk" */;
			productName = FirebaseDatabase;
		};
		4BDDDE232B3B05D10005CA21 /* FirebaseDatabaseSwift */ = {
			isa = XCSwiftPackageProductDependency;
			package = 4BDDDE0E2B3B05D10005CA21 /* XCRemoteSwiftPackageReference "firebase-ios-sdk" */;
			productName = FirebaseDatabaseSwift;
		};
		4BDDDE252B3B05D10005CA21 /* FirebaseDynamicLinks */ = {
			isa = XCSwiftPackageProductDependency;
			package = 4BDDDE0E2B3B05D10005CA21 /* XCRemoteSwiftPackageReference "firebase-ios-sdk" */;
			productName = FirebaseDynamicLinks;
		};
		4BDDDE272B3B05D10005CA21 /* FirebaseFirestore */ = {
			isa = XCSwiftPackageProductDependency;
			package = 4BDDDE0E2B3B05D10005CA21 /* XCRemoteSwiftPackageReference "firebase-ios-sdk" */;
			productName = FirebaseFirestore;
		};
		4BDDDE292B3B05D10005CA21 /* FirebaseFirestoreCombine-Community */ = {
			isa = XCSwiftPackageProductDependency;
			package = 4BDDDE0E2B3B05D10005CA21 /* XCRemoteSwiftPackageReference "firebase-ios-sdk" */;
			productName = "FirebaseFirestoreCombine-Community";
		};
		4BDDDE2B2B3B05D10005CA21 /* FirebaseFirestoreSwift */ = {
			isa = XCSwiftPackageProductDependency;
			package = 4BDDDE0E2B3B05D10005CA21 /* XCRemoteSwiftPackageReference "firebase-ios-sdk" */;
			productName = FirebaseFirestoreSwift;
		};
		4BDDDE2D2B3B05D10005CA21 /* FirebaseFunctions */ = {
			isa = XCSwiftPackageProductDependency;
			package = 4BDDDE0E2B3B05D10005CA21 /* XCRemoteSwiftPackageReference "firebase-ios-sdk" */;
			productName = FirebaseFunctions;
		};
		4BDDDE2F2B3B05D10005CA21 /* FirebaseFunctionsCombine-Community */ = {
			isa = XCSwiftPackageProductDependency;
			package = 4BDDDE0E2B3B05D10005CA21 /* XCRemoteSwiftPackageReference "firebase-ios-sdk" */;
			productName = "FirebaseFunctionsCombine-Community";
		};
		4BDDDE312B3B05D10005CA21 /* FirebaseInAppMessaging-Beta */ = {
			isa = XCSwiftPackageProductDependency;
			package = 4BDDDE0E2B3B05D10005CA21 /* XCRemoteSwiftPackageReference "firebase-ios-sdk" */;
			productName = "FirebaseInAppMessaging-Beta";
		};
		4BDDDE332B3B05D10005CA21 /* FirebaseInAppMessagingSwift-Beta */ = {
			isa = XCSwiftPackageProductDependency;
			package = 4BDDDE0E2B3B05D10005CA21 /* XCRemoteSwiftPackageReference "firebase-ios-sdk" */;
			productName = "FirebaseInAppMessagingSwift-Beta";
		};
		4BDDDE352B3B05D10005CA21 /* FirebaseInstallations */ = {
			isa = XCSwiftPackageProductDependency;
			package = 4BDDDE0E2B3B05D10005CA21 /* XCRemoteSwiftPackageReference "firebase-ios-sdk" */;
			productName = FirebaseInstallations;
		};
		4BDDDE372B3B05D10005CA21 /* FirebaseMLModelDownloader */ = {
			isa = XCSwiftPackageProductDependency;
			package = 4BDDDE0E2B3B05D10005CA21 /* XCRemoteSwiftPackageReference "firebase-ios-sdk" */;
			productName = FirebaseMLModelDownloader;
		};
		4BDDDE392B3B05D10005CA21 /* FirebaseMessaging */ = {
			isa = XCSwiftPackageProductDependency;
			package = 4BDDDE0E2B3B05D10005CA21 /* XCRemoteSwiftPackageReference "firebase-ios-sdk" */;
			productName = FirebaseMessaging;
		};
		4BDDDE3B2B3B05D10005CA21 /* FirebasePerformance */ = {
			isa = XCSwiftPackageProductDependency;
			package = 4BDDDE0E2B3B05D10005CA21 /* XCRemoteSwiftPackageReference "firebase-ios-sdk" */;
			productName = FirebasePerformance;
		};
		4BDDDE3D2B3B05D10005CA21 /* FirebaseRemoteConfig */ = {
			isa = XCSwiftPackageProductDependency;
			package = 4BDDDE0E2B3B05D10005CA21 /* XCRemoteSwiftPackageReference "firebase-ios-sdk" */;
			productName = FirebaseRemoteConfig;
		};
		4BDDDE3F2B3B05D10005CA21 /* FirebaseRemoteConfigSwift */ = {
			isa = XCSwiftPackageProductDependency;
			package = 4BDDDE0E2B3B05D10005CA21 /* XCRemoteSwiftPackageReference "firebase-ios-sdk" */;
			productName = FirebaseRemoteConfigSwift;
		};
		4BDDDE412B3B05D10005CA21 /* FirebaseStorage */ = {
			isa = XCSwiftPackageProductDependency;
			package = 4BDDDE0E2B3B05D10005CA21 /* XCRemoteSwiftPackageReference "firebase-ios-sdk" */;
			productName = FirebaseStorage;
		};
		4BDDDE432B3B05D10005CA21 /* FirebaseStorageCombine-Community */ = {
			isa = XCSwiftPackageProductDependency;
			package = 4BDDDE0E2B3B05D10005CA21 /* XCRemoteSwiftPackageReference "firebase-ios-sdk" */;
			productName = "FirebaseStorageCombine-Community";
		};
/* End XCSwiftPackageProductDependency section */
	};
	rootObject = 4BDDDDF32B3AFDFE0005CA21 /* Project object */;
}
